// !$*UTF8*$!
{
	archiveVersion = 1;
	classes = {
	};
	objectVersion = 50;
	objects = {

/* Begin PBXBuildFile section */
		C809CF2D24276F2F003D02B4 /* AppDelegate.m in Sources */ = {isa = PBXBuildFile; fileRef = C809CF2C24276F2F003D02B4 /* AppDelegate.m */; };
		C809CF3324276F2F003D02B4 /* ViewController.m in Sources */ = {isa = PBXBuildFile; fileRef = C809CF3224276F2F003D02B4 /* ViewController.m */; };
		C809CF3624276F2F003D02B4 /* Main.storyboard in Resources */ = {isa = PBXBuildFile; fileRef = C809CF3424276F2F003D02B4 /* Main.storyboard */; };
		C809CF3824276F36003D02B4 /* Assets.xcassets in Resources */ = {isa = PBXBuildFile; fileRef = C809CF3724276F36003D02B4 /* Assets.xcassets */; };
		C809CF3B24276F36003D02B4 /* LaunchScreen.storyboard in Resources */ = {isa = PBXBuildFile; fileRef = C809CF3924276F36003D02B4 /* LaunchScreen.storyboard */; };
		C809CF3E24276F36003D02B4 /* main.m in Sources */ = {isa = PBXBuildFile; fileRef = C809CF3D24276F36003D02B4 /* main.m */; };
		C809CF462427775D003D02B4 /* RegisterViewController.m in Sources */ = {isa = PBXBuildFile; fileRef = C809CF452427775D003D02B4 /* RegisterViewController.m */; };
		C809CF4A24278894003D02B4 /* MapViewController.m in Sources */ = {isa = PBXBuildFile; fileRef = C809CF4924278894003D02B4 /* MapViewController.m */; };
		C809CF4D24278D11003D02B4 /* MyAnnotation.m in Sources */ = {isa = PBXBuildFile; fileRef = C809CF4C24278D11003D02B4 /* MyAnnotation.m */; };
/* End PBXBuildFile section */

/* Begin PBXFileReference section */
		C809CF2824276F2F003D02B4 /* RegisterAndLoginWithMap.app */ = {isa = PBXFileReference; explicitFileType = wrapper.application; includeInIndex = 0; path = RegisterAndLoginWithMap.app; sourceTree = BUILT_PRODUCTS_DIR; };
		C809CF2B24276F2F003D02B4 /* AppDelegate.h */ = {isa = PBXFileReference; lastKnownFileType = sourcecode.c.h; path = AppDelegate.h; sourceTree = "<group>"; };
		C809CF2C24276F2F003D02B4 /* AppDelegate.m */ = {isa = PBXFileReference; lastKnownFileType = sourcecode.c.objc; path = AppDelegate.m; sourceTree = "<group>"; };
		C809CF3124276F2F003D02B4 /* ViewController.h */ = {isa = PBXFileReference; lastKnownFileType = sourcecode.c.h; path = ViewController.h; sourceTree = "<group>"; };
		C809CF3224276F2F003D02B4 /* ViewController.m */ = {isa = PBXFileReference; lastKnownFileType = sourcecode.c.objc; path = ViewController.m; sourceTree = "<group>"; };
		C809CF3524276F2F003D02B4 /* Base */ = {isa = PBXFileReference; lastKnownFileType = file.storyboard; name = Base; path = Base.lproj/Main.storyboard; sourceTree = "<group>"; };
		C809CF3724276F36003D02B4 /* Assets.xcassets */ = {isa = PBXFileReference; lastKnownFileType = folder.assetcatalog; path = Assets.xcassets; sourceTree = "<group>"; };
		C809CF3A24276F36003D02B4 /* Base */ = {isa = PBXFileReference; lastKnownFileType = file.storyboard; name = Base; path = Base.lproj/LaunchScreen.storyboard; sourceTree = "<group>"; };
		C809CF3C24276F36003D02B4 /* Info.plist */ = {isa = PBXFileReference; lastKnownFileType = text.plist.xml; path = Info.plist; sourceTree = "<group>"; };
		C809CF3D24276F36003D02B4 /* main.m */ = {isa = PBXFileReference; lastKnownFileType = sourcecode.c.objc; path = main.m; sourceTree = "<group>"; };
		C809CF442427775D003D02B4 /* RegisterViewController.h */ = {isa = PBXFileReference; lastKnownFileType = sourcecode.c.h; path = RegisterViewController.h; sourceTree = "<group>"; };
		C809CF452427775D003D02B4 /* RegisterViewController.m */ = {isa = PBXFileReference; lastKnownFileType = sourcecode.c.objc; path = RegisterViewController.m; sourceTree = "<group>"; };
		C809CF47242784BC003D02B4 /* LatAndLonProtocol.h */ = {isa = PBXFileReference; lastKnownFileType = sourcecode.c.h; path = LatAndLonProtocol.h; sourceTree = "<group>"; };
		C809CF4824278894003D02B4 /* MapViewController.h */ = {isa = PBXFileReference; lastKnownFileType = sourcecode.c.h; path = MapViewController.h; sourceTree = "<group>"; };
		C809CF4924278894003D02B4 /* MapViewController.m */ = {isa = PBXFileReference; lastKnownFileType = sourcecode.c.objc; path = MapViewController.m; sourceTree = "<group>"; };
		C809CF4B24278D11003D02B4 /* MyAnnotation.h */ = {isa = PBXFileReference; lastKnownFileType = sourcecode.c.h; path = MyAnnotation.h; sourceTree = "<group>"; };
		C809CF4C24278D11003D02B4 /* MyAnnotation.m */ = {isa = PBXFileReference; lastKnownFileType = sourcecode.c.objc; path = MyAnnotation.m; sourceTree = "<group>"; };
/* End PBXFileReference section */

/* Begin PBXFrameworksBuildPhase section */
		C809CF2524276F2F003D02B4 /* Frameworks */ = {
			isa = PBXFrameworksBuildPhase;
			buildActionMask = 2147483647;
			files = (
			);
			runOnlyForDeploymentPostprocessing = 0;
		};
/* End PBXFrameworksBuildPhase section */

/* Begin PBXGroup section */
		C809CF1F24276F2F003D02B4 = {
			isa = PBXGroup;
			children = (
				C809CF2A24276F2F003D02B4 /* RegisterAndLoginWithMap */,
				C809CF2924276F2F003D02B4 /* Products */,
			);
			sourceTree = "<group>";
		};
		C809CF2924276F2F003D02B4 /* Products */ = {
			isa = PBXGroup;
			children = (
				C809CF2824276F2F003D02B4 /* RegisterAndLoginWithMap.app */,
			);
			name = Products;
			sourceTree = "<group>";
		};
		C809CF2A24276F2F003D02B4 /* RegisterAndLoginWithMap */ = {
			isa = PBXGroup;
			children = (
				C809CF2B24276F2F003D02B4 /* AppDelegate.h */,
				C809CF2C24276F2F003D02B4 /* AppDelegate.m */,
				C809CF3424276F2F003D02B4 /* Main.storyboard */,
				C809CF3724276F36003D02B4 /* Assets.xcassets */,
				C809CF3924276F36003D02B4 /* LaunchScreen.storyboard */,
				C809CF3C24276F36003D02B4 /* Info.plist */,
				C809CF3D24276F36003D02B4 /* main.m */,
				C809CF3124276F2F003D02B4 /* ViewController.h */,
				C809CF3224276F2F003D02B4 /* ViewController.m */,
				C809CF442427775D003D02B4 /* RegisterViewController.h */,
				C809CF452427775D003D02B4 /* RegisterViewController.m */,
				C809CF4824278894003D02B4 /* MapViewController.h */,
				C809CF4924278894003D02B4 /* MapViewController.m */,
				C809CF4B24278D11003D02B4 /* MyAnnotation.h */,
				C809CF4C24278D11003D02B4 /* MyAnnotation.m */,
				C809CF47242784BC003D02B4 /* LatAndLonProtocol.h */,
			);
			path = RegisterAndLoginWithMap;
			sourceTree = "<group>";
		};
/* End PBXGroup section */

/* Begin PBXNativeTarget section */
		C809CF2724276F2F003D02B4 /* RegisterAndLoginWithMap */ = {
			isa = PBXNativeTarget;
			buildConfigurationList = C809CF4124276F36003D02B4 /* Build configuration list for PBXNativeTarget "RegisterAndLoginWithMap" */;
			buildPhases = (
				C809CF2424276F2F003D02B4 /* Sources */,
				C809CF2524276F2F003D02B4 /* Frameworks */,
				C809CF2624276F2F003D02B4 /* Resources */,
			);
			buildRules = (
			);
			dependencies = (
			);
			name = RegisterAndLoginWithMap;
			productName = RegisterAndLoginWithMap;
			productReference = C809CF2824276F2F003D02B4 /* RegisterAndLoginWithMap.app */;
			productType = "com.apple.product-type.application";
		};
/* End PBXNativeTarget section */

/* Begin PBXProject section */
		C809CF2024276F2F003D02B4 /* Project object */ = {
			isa = PBXProject;
			attributes = {
				LastUpgradeCheck = 1130;
				ORGANIZATIONNAME = ahmedpro;
				TargetAttributes = {
					C809CF2724276F2F003D02B4 = {
						CreatedOnToolsVersion = 11.3;
					};
				};
			};
			buildConfigurationList = C809CF2324276F2F003D02B4 /* Build configuration list for PBXProject "RegisterAndLoginWithMap" */;
			compatibilityVersion = "Xcode 9.3";
			developmentRegion = en;
			hasScannedForEncodings = 0;
			knownRegions = (
				en,
				Base,
			);
			mainGroup = C809CF1F24276F2F003D02B4;
			productRefGroup = C809CF2924276F2F003D02B4 /* Products */;
			projectDirPath = "";
			projectRoot = "";
			targets = (
				C809CF2724276F2F003D02B4 /* RegisterAndLoginWithMap */,
			);
		};
/* End PBXProject section */

/* Begin PBXResourcesBuildPhase section */
		C809CF2624276F2F003D02B4 /* Resources */ = {
			isa = PBXResourcesBuildPhase;
			buildActionMask = 2147483647;
			files = (
				C809CF3B24276F36003D02B4 /* LaunchScreen.storyboard in Resources */,
				C809CF3824276F36003D02B4 /* Assets.xcassets in Resources */,
				C809CF3624276F2F003D02B4 /* Main.storyboard in Resources */,
			);
			runOnlyForDeploymentPostprocessing = 0;
		};
/* End PBXResourcesBuildPhase section */

/* Begin PBXSourcesBuildPhase section */
		C809CF2424276F2F003D02B4 /* Sources */ = {
			isa = PBXSourcesBuildPhase;
			buildActionMask = 2147483647;
			files = (
				C809CF3324276F2F003D02B4 /* ViewController.m in Sources */,
				C809CF2D24276F2F003D02B4 /* AppDelegate.m in Sources */,
				C809CF4D24278D11003D02B4 /* MyAnnotation.m in Sources */,
				C809CF4A24278894003D02B4 /* MapViewController.m in Sources */,
				C809CF3E24276F36003D02B4 /* main.m in Sources */,
				C809CF462427775D003D02B4 /* RegisterViewController.m in Sources */,
			);
			runOnlyForDeploymentPostprocessing = 0;
		};
/* End PBXSourcesBuildPhase section */

/* Begin PBXVariantGroup section */
		C809CF3424276F2F003D02B4 /* Main.storyboard */ = {
			isa = PBXVariantGroup;
			children = (
				C809CF3524276F2F003D02B4 /* Base */,
			);
			name = Main.storyboard;
			sourceTree = "<group>";
		};
		C809CF3924276F36003D02B4 /* LaunchScreen.storyboard */ = {
			isa = PBXVariantGroup;
			children = (
				C809CF3A24276F36003D02B4 /* Base */,
			);
			name = LaunchScreen.storyboard;
			sourceTree = "<group>";
		};
/* End PBXVariantGroup section */

/* Begin XCBuildConfiguration section */
		C809CF3F24276F36003D02B4 /* Debug */ = {
			isa = XCBuildConfiguration;
			buildSettings = {
				ALWAYS_SEARCH_USER_PATHS = NO;
				CLANG_ANALYZER_NONNULL = YES;
				CLANG_ANALYZER_NUMBER_OBJECT_CONVERSION = YES_AGGRESSIVE;
				CLANG_CXX_LANGUAGE_STANDARD = "gnu++14";
				CLANG_CXX_LIBRARY = "libc++";
				CLANG_ENABLE_MODULES = YES;
				CLANG_ENABLE_OBJC_ARC = YES;
				CLANG_ENABLE_OBJC_WEAK = YES;
				CLANG_WARN_BLOCK_CAPTURE_AUTORELEASING = YES;
				CLANG_WARN_BOOL_CONVERSION = YES;
				CLANG_WARN_COMMA = YES;
				CLANG_WARN_CONSTANT_CONVERSION = YES;
				CLANG_WARN_DEPRECATED_OBJC_IMPLEMENTATIONS = YES;
				CLANG_WARN_DIRECT_OBJC_ISA_USAGE = YES_ERROR;
				CLANG_WARN_DOCUMENTATION_COMMENTS = YES;
				CLANG_WARN_EMPTY_BODY = YES;
				CLANG_WARN_ENUM_CONVERSION = YES;
				CLANG_WARN_INFINITE_RECURSION = YES;
				CLANG_WARN_INT_CONVERSION = YES;
				CLANG_WARN_NON_LITERAL_NULL_CONVERSION = YES;
				CLANG_WARN_OBJC_IMPLICIT_RETAIN_SELF = YES;
				CLANG_WARN_OBJC_LITERAL_CONVERSION = YES;
				CLANG_WARN_OBJC_ROOT_CLASS = YES_ERROR;
				CLANG_WARN_RANGE_LOOP_ANALYSIS = YES;
				CLANG_WARN_STRICT_PROTOTYPES = YES;
				CLANG_WARN_SUSPICIOUS_MOVE = YES;
				CLANG_WARN_UNGUARDED_AVAILABILITY = YES_AGGRESSIVE;
				CLANG_WARN_UNREACHABLE_CODE = YES;
				CLANG_WARN__DUPLICATE_METHOD_MATCH = YES;
				COPY_PHASE_STRIP = NO;
				DEBUG_INFORMATION_FORMAT = dwarf;
				ENABLE_STRICT_OBJC_MSGSEND = YES;
				ENABLE_TESTABILITY = YES;
				GCC_C_LANGUAGE_STANDARD = gnu11;
				GCC_DYNAMIC_NO_PIC = NO;
				GCC_NO_COMMON_BLOCKS = YES;
				GCC_OPTIMIZATION_LEVEL = 0;
				GCC_PREPROCESSOR_DEFINITIONS = (
					"DEBUG=1",
					"$(inherited)",
				);
				GCC_WARN_64_TO_32_BIT_CONVERSION = YES;
				GCC_WARN_ABOUT_RETURN_TYPE = YES_ERROR;
				GCC_WARN_UNDECLARED_SELECTOR = YES;
				GCC_WARN_UNINITIALIZED_AUTOS = YES_AGGRESSIVE;
				GCC_WARN_UNUSED_FUNCTION = YES;
				GCC_WARN_UNUSED_VARIABLE = YES;
				IPHONEOS_DEPLOYMENT_TARGET = 13.2;
				MTL_ENABLE_DEBUG_INFO = INCLUDE_SOURCE;
				MTL_FAST_MATH = YES;
				ONLY_ACTIVE_ARCH = YES;
				SDKROOT = iphoneos;
			};
			name = Debug;
		};
		C809CF4024276F36003D02B4 /* Release */ = {
			isa = XCBuildConfiguration;
			buildSettings = {
				ALWAYS_SEARCH_USER_PATHS = NO;
				CLANG_ANALYZER_NONNULL = YES;
				CLANG_ANALYZER_NUMBER_OBJECT_CONVERSION = YES_AGGRESSIVE;
				CLANG_CXX_LANGUAGE_STANDARD = "gnu++14";
				CLANG_CXX_LIBRARY = "libc++";
				CLANG_ENABLE_MODULES = YES;
				CLANG_ENABLE_OBJC_ARC = YES;
				CLANG_ENABLE_OBJC_WEAK = YES;
				CLANG_WARN_BLOCK_CAPTURE_AUTORELEASING = YES;
				CLANG_WARN_BOOL_CONVERSION = YES;
				CLANG_WARN_COMMA = YES;
				CLANG_WARN_CONSTANT_CONVERSION = YES;
				CLANG_WARN_DEPRECATED_OBJC_IMPLEMENTATIONS = YES;
				CLANG_WARN_DIRECT_OBJC_ISA_USAGE = YES_ERROR;
				CLANG_WARN_DOCUMENTATION_COMMENTS = YES;
				CLANG_WARN_EMPTY_BODY = YES;
				CLANG_WARN_ENUM_CONVERSION = YES;
				CLANG_WARN_INFINITE_RECURSION = YES;
				CLANG_WARN_INT_CONVERSION = YES;
				CLANG_WARN_NON_LITERAL_NULL_CONVERSION = YES;
				CLANG_WARN_OBJC_IMPLICIT_RETAIN_SELF = YES;
				CLANG_WARN_OBJC_LITERAL_CONVERSION = YES;
				CLANG_WARN_OBJC_ROOT_CLASS = YES_ERROR;
				CLANG_WARN_RANGE_LOOP_ANALYSIS = YES;
				CLANG_WARN_STRICT_PROTOTYPES = YES;
				CLANG_WARN_SUSPICIOUS_MOVE = YES;
				CLANG_WARN_UNGUARDED_AVAILABILITY = YES_AGGRESSIVE;
				CLANG_WARN_UNREACHABLE_CODE = YES;
				CLANG_WARN__DUPLICATE_METHOD_MATCH = YES;
				COPY_PHASE_STRIP = NO;
				DEBUG_INFORMATION_FORMAT = "dwarf-with-dsym";
				ENABLE_NS_ASSERTIONS = NO;
				ENABLE_STRICT_OBJC_MSGSEND = YES;
				GCC_C_LANGUAGE_STANDARD = gnu11;
				GCC_NO_COMMON_BLOCKS = YES;
				GCC_WARN_64_TO_32_BIT_CONVERSION = YES;
				GCC_WARN_ABOUT_RETURN_TYPE = YES_ERROR;
				GCC_WARN_UNDECLARED_SELECTOR = YES;
				GCC_WARN_UNINITIALIZED_AUTOS = YES_AGGRESSIVE;
				GCC_WARN_UNUSED_FUNCTION = YES;
				GCC_WARN_UNUSED_VARIABLE = YES;
				IPHONEOS_DEPLOYMENT_TARGET = 13.2;
				MTL_ENABLE_DEBUG_INFO = NO;
				MTL_FAST_MATH = YES;
				SDKROOT = iphoneos;
				VALIDATE_PRODUCT = YES;
			};
			name = Release;
		};
		C809CF4224276F36003D02B4 /* Debug */ = {
			isa = XCBuildConfiguration;
			buildSettings = {
				ASSETCATALOG_COMPILER_APPICON_NAME = AppIcon;
				CODE_SIGN_STYLE = Automatic;
				INFOPLIST_FILE = RegisterAndLoginWithMap/Info.plist;
				LD_RUNPATH_SEARCH_PATHS = (
					"$(inherited)",
					"@executable_path/Frameworks",
				);
				PRODUCT_BUNDLE_IDENTIFIER = com.example.RegisterAndLoginWithMap;
				PRODUCT_NAME = "$(TARGET_NAME)";
				TARGETED_DEVICE_FAMILY = "1,2";
			};
			name = Debug;
		};
		C809CF4324276F36003D02B4 /* Release */ = {
			isa = XCBuildConfiguration;
			buildSettings = {
				ASSETCATALOG_COMPILER_APPICON_NAME = AppIcon;
				CODE_SIGN_STYLE = Automatic;
				INFOPLIST_FILE = RegisterAndLoginWithMap/Info.plist;
				LD_RUNPATH_SEARCH_PATHS = (
					"$(inherited)",
					"@executable_path/Frameworks",
				);
				PRODUCT_BUNDLE_IDENTIFIER = com.example.RegisterAndLoginWithMap;
				PRODUCT_NAME = "$(TARGET_NAME)";
				TARGETED_DEVICE_FAMILY = "1,2";
			};
			name = Release;
		};
/* End XCBuildConfiguration section */

/* Begin XCConfigurationList section */
		C809CF2324276F2F003D02B4 /* Build configuration list for PBXProject "RegisterAndLoginWithMap" */ = {
			isa = XCConfigurationList;
			buildConfigurations = (
				C809CF3F24276F36003D02B4 /* Debug */,
				C809CF4024276F36003D02B4 /* Release */,
			);
			defaultConfigurationIsVisible = 0;
			defaultConfigurationName = Release;
		};
		C809CF4124276F36003D02B4 /* Build configuration list for PBXNativeTarget "RegisterAndLoginWithMap" */ = {
			isa = XCConfigurationList;
			buildConfigurations = (
				C809CF4224276F36003D02B4 /* Debug */,
				C809CF4324276F36003D02B4 /* Release */,
			);
			defaultConfigurationIsVisible = 0;
			defaultConfigurationName = Release;
		};
/* End XCConfigurationList section */
	};
	rootObject = C809CF2024276F2F003D02B4 /* Project object */;
}
